PODS:
  - SDWebImage (4.4.2):
    - SDWebImage/Core (= 4.4.2)
  - SDWebImage/Core (4.4.2)
  - YYCache (1.0.4)

DEPENDENCIES:
  - SDWebImage
  - YYCache

SPEC CHECKSUMS:
  SDWebImage: 624d6e296c69b244bcede364c72ae0430ac14681
  YYCache: 8105b6638f5e849296c71f331ff83891a4942952

PODFILE CHECKSUM: 3d934b61820b7bf17d457b91cc750965f184e5a9

COCOAPODS: 1.4.0
