// !$*UTF8*$!
{
	archiveVersion = 1;
	classes = {
	};
	objectVersion = 50;
	objects = {

/* Begin PBXBuildFile section */
		F17545F621215F9B00FC3BFC /* Beethoven.framework in Frameworks */ = {isa = PBXBuildFile; fileRef = F17545EC21215F9B00FC3BFC /* Beethoven.framework */; };
		F17545FB21215F9B00FC3BFC /* BeethovenTests.swift in Sources */ = {isa = PBXBuildFile; fileRef = F17545FA21215F9B00FC3BFC /* BeethovenTests.swift */; };
		F17546B721217BBC00FC3BFC /* Config.swift in Sources */ = {isa = PBXBuildFile; fileRef = F175469521217BBB00FC3BFC /* Config.swift */; };
		F17546B821217BBC00FC3BFC /* YINUtil.swift in Sources */ = {isa = PBXBuildFile; fileRef = F175469721217BBB00FC3BFC /* YINUtil.swift */; };
		F17546B921217BBC00FC3BFC /* Buffer.swift in Sources */ = {isa = PBXBuildFile; fileRef = F175469821217BBB00FC3BFC /* Buffer.swift */; };
		F17546BA21217BBC00FC3BFC /* Array+Extensions.swift in Sources */ = {isa = PBXBuildFile; fileRef = F175469A21217BBB00FC3BFC /* Array+Extensions.swift */; };
		F17546BB21217BBC00FC3BFC /* BarycentricEstimator.swift in Sources */ = {isa = PBXBuildFile; fileRef = F175469D21217BBC00FC3BFC /* BarycentricEstimator.swift */; };
		F17546BC21217BBC00FC3BFC /* MaxValueEstimator.swift in Sources */ = {isa = PBXBuildFile; fileRef = F175469E21217BBC00FC3BFC /* MaxValueEstimator.swift */; };
		F17546BD21217BBC00FC3BFC /* JainsEstimator.swift in Sources */ = {isa = PBXBuildFile; fileRef = F175469F21217BBC00FC3BFC /* JainsEstimator.swift */; };
		F17546BE21217BBC00FC3BFC /* QuinnsSecondEstimator.swift in Sources */ = {isa = PBXBuildFile; fileRef = F17546A021217BBC00FC3BFC /* QuinnsSecondEstimator.swift */; };
		F17546BF21217BBC00FC3BFC /* QuinnsFirstEstimator.swift in Sources */ = {isa = PBXBuildFile; fileRef = F17546A121217BBC00FC3BFC /* QuinnsFirstEstimator.swift */; };
		F17546C021217BBC00FC3BFC /* HPSEstimator.swift in Sources */ = {isa = PBXBuildFile; fileRef = F17546A221217BBC00FC3BFC /* HPSEstimator.swift */; };
		F17546C121217BBC00FC3BFC /* YINEstimator.swift in Sources */ = {isa = PBXBuildFile; fileRef = F17546A321217BBC00FC3BFC /* YINEstimator.swift */; };
		F17546C221217BBC00FC3BFC /* QuadradicEstimator.swift in Sources */ = {isa = PBXBuildFile; fileRef = F17546A421217BBC00FC3BFC /* QuadradicEstimator.swift */; };
		F17546C321217BBC00FC3BFC /* LocationEstimator.swift in Sources */ = {isa = PBXBuildFile; fileRef = F17546A521217BBC00FC3BFC /* LocationEstimator.swift */; };
		F17546C421217BBC00FC3BFC /* EstimationError.swift in Sources */ = {isa = PBXBuildFile; fileRef = F17546A621217BBC00FC3BFC /* EstimationError.swift */; };
		F17546C521217BBC00FC3BFC /* Estimator.swift in Sources */ = {isa = PBXBuildFile; fileRef = F17546A721217BBC00FC3BFC /* Estimator.swift */; };
		F17546C621217BBC00FC3BFC /* EstimationFactory.swift in Sources */ = {isa = PBXBuildFile; fileRef = F17546A821217BBC00FC3BFC /* EstimationFactory.swift */; };
		F17546C721217BBC00FC3BFC /* EstimationStrategy.swift in Sources */ = {isa = PBXBuildFile; fileRef = F17546A921217BBC00FC3BFC /* EstimationStrategy.swift */; };
		F17546C821217BBC00FC3BFC /* SignalTracker.swift in Sources */ = {isa = PBXBuildFile; fileRef = F17546AB21217BBC00FC3BFC /* SignalTracker.swift */; };
		F17546C921217BBC00FC3BFC /* SimulatorSignalTracker.swift in Sources */ = {isa = PBXBuildFile; fileRef = F17546AD21217BBC00FC3BFC /* SimulatorSignalTracker.swift */; };
		F17546CA21217BBC00FC3BFC /* OutputSignalTracker.swift in Sources */ = {isa = PBXBuildFile; fileRef = F17546AE21217BBC00FC3BFC /* OutputSignalTracker.swift */; };
		F17546CB21217BBC00FC3BFC /* InputSignalTracker.swift in Sources */ = {isa = PBXBuildFile; fileRef = F17546AF21217BBC00FC3BFC /* InputSignalTracker.swift */; };
		F17546CC21217BBC00FC3BFC /* Transformer.swift in Sources */ = {isa = PBXBuildFile; fileRef = F17546B121217BBC00FC3BFC /* Transformer.swift */; };
		F17546CD21217BBC00FC3BFC /* YINTransformer.swift in Sources */ = {isa = PBXBuildFile; fileRef = F17546B321217BBC00FC3BFC /* YINTransformer.swift */; };
		F17546CE21217BBC00FC3BFC /* FFTTransformer.swift in Sources */ = {isa = PBXBuildFile; fileRef = F17546B421217BBC00FC3BFC /* FFTTransformer.swift */; };
		F17546CF21217BBC00FC3BFC /* SimpleTransformer.swift in Sources */ = {isa = PBXBuildFile; fileRef = F17546B521217BBC00FC3BFC /* SimpleTransformer.swift */; };
		F17546D021217BBC00FC3BFC /* PitchEngine.swift in Sources */ = {isa = PBXBuildFile; fileRef = F17546B621217BBC00FC3BFC /* PitchEngine.swift */; };
/* End PBXBuildFile section */

/* Begin PBXContainerItemProxy section */
		F17545F721215F9B00FC3BFC /* PBXContainerItemProxy */ = {
			isa = PBXContainerItemProxy;
			containerPortal = F17545E321215F9B00FC3BFC /* Project object */;
			proxyType = 1;
			remoteGlobalIDString = F17545EB21215F9B00FC3BFC;
			remoteInfo = Beethoven;
		};
/* End PBXContainerItemProxy section */

/* Begin PBXFileReference section */
		F17545EC21215F9B00FC3BFC /* Beethoven.framework */ = {isa = PBXFileReference; explicitFileType = wrapper.framework; includeInIndex = 0; path = Beethoven.framework; sourceTree = BUILT_PRODUCTS_DIR; };
		F17545F021215F9B00FC3BFC /* Info.plist */ = {isa = PBXFileReference; lastKnownFileType = text.plist.xml; path = Info.plist; sourceTree = "<group>"; };
		F17545F521215F9B00FC3BFC /* BeethovenTests.xctest */ = {isa = PBXFileReference; explicitFileType = wrapper.cfbundle; includeInIndex = 0; path = BeethovenTests.xctest; sourceTree = BUILT_PRODUCTS_DIR; };
		F17545FA21215F9B00FC3BFC /* BeethovenTests.swift */ = {isa = PBXFileReference; lastKnownFileType = sourcecode.swift; path = BeethovenTests.swift; sourceTree = "<group>"; };
		F17545FC21215F9B00FC3BFC /* Info.plist */ = {isa = PBXFileReference; lastKnownFileType = text.plist.xml; path = Info.plist; sourceTree = "<group>"; };
		F175469521217BBB00FC3BFC /* Config.swift */ = {isa = PBXFileReference; fileEncoding = 4; lastKnownFileType = sourcecode.swift; path = Config.swift; sourceTree = "<group>"; };
		F175469721217BBB00FC3BFC /* YINUtil.swift */ = {isa = PBXFileReference; fileEncoding = 4; lastKnownFileType = sourcecode.swift; path = YINUtil.swift; sourceTree = "<group>"; };
		F175469821217BBB00FC3BFC /* Buffer.swift */ = {isa = PBXFileReference; fileEncoding = 4; lastKnownFileType = sourcecode.swift; path = Buffer.swift; sourceTree = "<group>"; };
		F175469A21217BBB00FC3BFC /* Array+Extensions.swift */ = {isa = PBXFileReference; fileEncoding = 4; lastKnownFileType = sourcecode.swift; path = "Array+Extensions.swift"; sourceTree = "<group>"; };
		F175469D21217BBC00FC3BFC /* BarycentricEstimator.swift */ = {isa = PBXFileReference; fileEncoding = 4; lastKnownFileType = sourcecode.swift; path = BarycentricEstimator.swift; sourceTree = "<group>"; };
		F175469E21217BBC00FC3BFC /* MaxValueEstimator.swift */ = {isa = PBXFileReference; fileEncoding = 4; lastKnownFileType = sourcecode.swift; path = MaxValueEstimator.swift; sourceTree = "<group>"; };
		F175469F21217BBC00FC3BFC /* JainsEstimator.swift */ = {isa = PBXFileReference; fileEncoding = 4; lastKnownFileType = sourcecode.swift; path = JainsEstimator.swift; sourceTree = "<group>"; };
		F17546A021217BBC00FC3BFC /* QuinnsSecondEstimator.swift */ = {isa = PBXFileReference; fileEncoding = 4; lastKnownFileType = sourcecode.swift; path = QuinnsSecondEstimator.swift; sourceTree = "<group>"; };
		F17546A121217BBC00FC3BFC /* QuinnsFirstEstimator.swift */ = {isa = PBXFileReference; fileEncoding = 4; lastKnownFileType = sourcecode.swift; path = QuinnsFirstEstimator.swift; sourceTree = "<group>"; };
		F17546A221217BBC00FC3BFC /* HPSEstimator.swift */ = {isa = PBXFileReference; fileEncoding = 4; lastKnownFileType = sourcecode.swift; path = HPSEstimator.swift; sourceTree = "<group>"; };
		F17546A321217BBC00FC3BFC /* YINEstimator.swift */ = {isa = PBXFileReference; fileEncoding = 4; lastKnownFileType = sourcecode.swift; path = YINEstimator.swift; sourceTree = "<group>"; };
		F17546A421217BBC00FC3BFC /* QuadradicEstimator.swift */ = {isa = PBXFileReference; fileEncoding = 4; lastKnownFileType = sourcecode.swift; path = QuadradicEstimator.swift; sourceTree = "<group>"; };
		F17546A521217BBC00FC3BFC /* LocationEstimator.swift */ = {isa = PBXFileReference; fileEncoding = 4; lastKnownFileType = sourcecode.swift; path = LocationEstimator.swift; sourceTree = "<group>"; };
		F17546A621217BBC00FC3BFC /* EstimationError.swift */ = {isa = PBXFileReference; fileEncoding = 4; lastKnownFileType = sourcecode.swift; path = EstimationError.swift; sourceTree = "<group>"; };
		F17546A721217BBC00FC3BFC /* Estimator.swift */ = {isa = PBXFileReference; fileEncoding = 4; lastKnownFileType = sourcecode.swift; path = Estimator.swift; sourceTree = "<group>"; };
		F17546A821217BBC00FC3BFC /* EstimationFactory.swift */ = {isa = PBXFileReference; fileEncoding = 4; lastKnownFileType = sourcecode.swift; path = EstimationFactory.swift; sourceTree = "<group>"; };
		F17546A921217BBC00FC3BFC /* EstimationStrategy.swift */ = {isa = PBXFileReference; fileEncoding = 4; lastKnownFileType = sourcecode.swift; path = EstimationStrategy.swift; sourceTree = "<group>"; };
		F17546AB21217BBC00FC3BFC /* SignalTracker.swift */ = {isa = PBXFileReference; fileEncoding = 4; lastKnownFileType = sourcecode.swift; path = SignalTracker.swift; sourceTree = "<group>"; };
		F17546AD21217BBC00FC3BFC /* SimulatorSignalTracker.swift */ = {isa = PBXFileReference; fileEncoding = 4; lastKnownFileType = sourcecode.swift; path = SimulatorSignalTracker.swift; sourceTree = "<group>"; };
		F17546AE21217BBC00FC3BFC /* OutputSignalTracker.swift */ = {isa = PBXFileReference; fileEncoding = 4; lastKnownFileType = sourcecode.swift; path = OutputSignalTracker.swift; sourceTree = "<group>"; };
		F17546AF21217BBC00FC3BFC /* InputSignalTracker.swift */ = {isa = PBXFileReference; fileEncoding = 4; lastKnownFileType = sourcecode.swift; path = InputSignalTracker.swift; sourceTree = "<group>"; };
		F17546B121217BBC00FC3BFC /* Transformer.swift */ = {isa = PBXFileReference; fileEncoding = 4; lastKnownFileType = sourcecode.swift; path = Transformer.swift; sourceTree = "<group>"; };
		F17546B321217BBC00FC3BFC /* YINTransformer.swift */ = {isa = PBXFileReference; fileEncoding = 4; lastKnownFileType = sourcecode.swift; path = YINTransformer.swift; sourceTree = "<group>"; };
		F17546B421217BBC00FC3BFC /* FFTTransformer.swift */ = {isa = PBXFileReference; fileEncoding = 4; lastKnownFileType = sourcecode.swift; path = FFTTransformer.swift; sourceTree = "<group>"; };
		F17546B521217BBC00FC3BFC /* SimpleTransformer.swift */ = {isa = PBXFileReference; fileEncoding = 4; lastKnownFileType = sourcecode.swift; path = SimpleTransformer.swift; sourceTree = "<group>"; };
		F17546B621217BBC00FC3BFC /* PitchEngine.swift */ = {isa = PBXFileReference; fileEncoding = 4; lastKnownFileType = sourcecode.swift; path = PitchEngine.swift; sourceTree = "<group>"; };
/* End PBXFileReference section */

/* Begin PBXFrameworksBuildPhase section */
		F17545E821215F9B00FC3BFC /* Frameworks */ = {
			isa = PBXFrameworksBuildPhase;
			buildActionMask = 2147483647;
			files = (
			);
			runOnlyForDeploymentPostprocessing = 0;
		};
		F17545F221215F9B00FC3BFC /* Frameworks */ = {
			isa = PBXFrameworksBuildPhase;
			buildActionMask = 2147483647;
			files = (
				F17545F621215F9B00FC3BFC /* Beethoven.framework in Frameworks */,
			);
			runOnlyForDeploymentPostprocessing = 0;
		};
/* End PBXFrameworksBuildPhase section */

/* Begin PBXGroup section */
		F17545E221215F9B00FC3BFC = {
			isa = PBXGroup;
			children = (
				F17545EE21215F9B00FC3BFC /* Beethoven */,
				F17545F921215F9B00FC3BFC /* BeethovenTests */,
				F17545ED21215F9B00FC3BFC /* Products */,
			);
			sourceTree = "<group>";
		};
		F17545ED21215F9B00FC3BFC /* Products */ = {
			isa = PBXGroup;
			children = (
				F17545EC21215F9B00FC3BFC /* Beethoven.framework */,
				F17545F521215F9B00FC3BFC /* BeethovenTests.xctest */,
			);
			name = Products;
			sourceTree = "<group>";
		};
		F17545EE21215F9B00FC3BFC /* Beethoven */ = {
			isa = PBXGroup;
			children = (
				F175469421217BBB00FC3BFC /* Source */,
				F17545F021215F9B00FC3BFC /* Info.plist */,
			);
			path = Beethoven;
			sourceTree = "<group>";
		};
		F17545F921215F9B00FC3BFC /* BeethovenTests */ = {
			isa = PBXGroup;
			children = (
				F17545FA21215F9B00FC3BFC /* BeethovenTests.swift */,
				F17545FC21215F9B00FC3BFC /* Info.plist */,
			);
			path = BeethovenTests;
			sourceTree = "<group>";
		};
		F175469421217BBB00FC3BFC /* Source */ = {
			isa = PBXGroup;
			children = (
				F175469521217BBB00FC3BFC /* Config.swift */,
				F175469621217BBB00FC3BFC /* Library */,
				F175469B21217BBB00FC3BFC /* Estimation */,
				F17546AA21217BBC00FC3BFC /* SignalTracking */,
				F17546B021217BBC00FC3BFC /* Transform */,
				F17546B621217BBC00FC3BFC /* PitchEngine.swift */,
			);
			path = Source;
			sourceTree = "<group>";
		};
		F175469621217BBB00FC3BFC /* Library */ = {
			isa = PBXGroup;
			children = (
				F175469721217BBB00FC3BFC /* YINUtil.swift */,
				F175469821217BBB00FC3BFC /* Buffer.swift */,
				F175469921217BBB00FC3BFC /* Extensions */,
			);
			path = Library;
			sourceTree = "<group>";
		};
		F175469921217BBB00FC3BFC /* Extensions */ = {
			isa = PBXGroup;
			children = (
				F175469A21217BBB00FC3BFC /* Array+Extensions.swift */,
			);
			path = Extensions;
			sourceTree = "<group>";
		};
		F175469B21217BBB00FC3BFC /* Estimation */ = {
			isa = PBXGroup;
			children = (
				F175469C21217BBC00FC3BFC /* Strategies */,
				F17546A521217BBC00FC3BFC /* LocationEstimator.swift */,
				F17546A621217BBC00FC3BFC /* EstimationError.swift */,
				F17546A721217BBC00FC3BFC /* Estimator.swift */,
				F17546A821217BBC00FC3BFC /* EstimationFactory.swift */,
				F17546A921217BBC00FC3BFC /* EstimationStrategy.swift */,
			);
			path = Estimation;
			sourceTree = "<group>";
		};
		F175469C21217BBC00FC3BFC /* Strategies */ = {
			isa = PBXGroup;
			children = (
				F175469D21217BBC00FC3BFC /* BarycentricEstimator.swift */,
				F175469E21217BBC00FC3BFC /* MaxValueEstimator.swift */,
				F175469F21217BBC00FC3BFC /* JainsEstimator.swift */,
				F17546A021217BBC00FC3BFC /* QuinnsSecondEstimator.swift */,
				F17546A121217BBC00FC3BFC /* QuinnsFirstEstimator.swift */,
				F17546A221217BBC00FC3BFC /* HPSEstimator.swift */,
				F17546A321217BBC00FC3BFC /* YINEstimator.swift */,
				F17546A421217BBC00FC3BFC /* QuadradicEstimator.swift */,
			);
			path = Strategies;
			sourceTree = "<group>";
		};
		F17546AA21217BBC00FC3BFC /* SignalTracking */ = {
			isa = PBXGroup;
			children = (
				F17546AB21217BBC00FC3BFC /* SignalTracker.swift */,
				F17546AC21217BBC00FC3BFC /* Units */,
			);
			path = SignalTracking;
			sourceTree = "<group>";
		};
		F17546AC21217BBC00FC3BFC /* Units */ = {
			isa = PBXGroup;
			children = (
				F17546AD21217BBC00FC3BFC /* SimulatorSignalTracker.swift */,
				F17546AE21217BBC00FC3BFC /* OutputSignalTracker.swift */,
				F17546AF21217BBC00FC3BFC /* InputSignalTracker.swift */,
			);
			path = Units;
			sourceTree = "<group>";
		};
		F17546B021217BBC00FC3BFC /* Transform */ = {
			isa = PBXGroup;
			children = (
				F17546B121217BBC00FC3BFC /* Transformer.swift */,
				F17546B221217BBC00FC3BFC /* Strategies */,
			);
			path = Transform;
			sourceTree = "<group>";
		};
		F17546B221217BBC00FC3BFC /* Strategies */ = {
			isa = PBXGroup;
			children = (
				F17546B321217BBC00FC3BFC /* YINTransformer.swift */,
				F17546B421217BBC00FC3BFC /* FFTTransformer.swift */,
				F17546B521217BBC00FC3BFC /* SimpleTransformer.swift */,
			);
			path = Strategies;
			sourceTree = "<group>";
		};
/* End PBXGroup section */

/* Begin PBXHeadersBuildPhase section */
		F17545E921215F9B00FC3BFC /* Headers */ = {
			isa = PBXHeadersBuildPhase;
			buildActionMask = 2147483647;
			files = (
			);
			runOnlyForDeploymentPostprocessing = 0;
		};
/* End PBXHeadersBuildPhase section */

/* Begin PBXNativeTarget section */
		F17545EB21215F9B00FC3BFC /* Beethoven */ = {
			isa = PBXNativeTarget;
			buildConfigurationList = F175460021215F9B00FC3BFC /* Build configuration list for PBXNativeTarget "Beethoven" */;
			buildPhases = (
				F17545E721215F9B00FC3BFC /* Sources */,
				F17545E821215F9B00FC3BFC /* Frameworks */,
				F17545E921215F9B00FC3BFC /* Headers */,
				F17545EA21215F9B00FC3BFC /* Resources */,
			);
			buildRules = (
			);
			dependencies = (
			);
			name = Beethoven;
			productName = Beethoven;
			productReference = F17545EC21215F9B00FC3BFC /* Beethoven.framework */;
			productType = "com.apple.product-type.framework";
		};
		F17545F421215F9B00FC3BFC /* BeethovenTests */ = {
			isa = PBXNativeTarget;
			buildConfigurationList = F175460321215F9B00FC3BFC /* Build configuration list for PBXNativeTarget "BeethovenTests" */;
			buildPhases = (
				F17545F121215F9B00FC3BFC /* Sources */,
				F17545F221215F9B00FC3BFC /* Frameworks */,
				F17545F321215F9B00FC3BFC /* Resources */,
			);
			buildRules = (
			);
			dependencies = (
				F17545F821215F9B00FC3BFC /* PBXTargetDependency */,
			);
			name = BeethovenTests;
			productName = BeethovenTests;
			productReference = F17545F521215F9B00FC3BFC /* BeethovenTests.xctest */;
			productType = "com.apple.product-type.bundle.unit-test";
		};
/* End PBXNativeTarget section */

/* Begin PBXProject section */
		F17545E321215F9B00FC3BFC /* Project object */ = {
			isa = PBXProject;
			attributes = {
				LastSwiftUpdateCheck = 0940;
				LastUpgradeCheck = 0940;
				ORGANIZATIONNAME = "搜狗";
				TargetAttributes = {
					F17545EB21215F9B00FC3BFC = {
						CreatedOnToolsVersion = 9.4.1;
					};
					F17545F421215F9B00FC3BFC = {
						CreatedOnToolsVersion = 9.4.1;
					};
				};
			};
			buildConfigurationList = F17545E621215F9B00FC3BFC /* Build configuration list for PBXProject "Beethoven" */;
			compatibilityVersion = "Xcode 9.3";
			developmentRegion = en;
			hasScannedForEncodings = 0;
			knownRegions = (
				en,
			);
			mainGroup = F17545E221215F9B00FC3BFC;
			productRefGroup = F17545ED21215F9B00FC3BFC /* Products */;
			projectDirPath = "";
			projectRoot = "";
			targets = (
				F17545EB21215F9B00FC3BFC /* Beethoven */,
				F17545F421215F9B00FC3BFC /* BeethovenTests */,
			);
		};
/* End PBXProject section */

/* Begin PBXResourcesBuildPhase section */
		F17545EA21215F9B00FC3BFC /* Resources */ = {
			isa = PBXResourcesBuildPhase;
			buildActionMask = 2147483647;
			files = (
			);
			runOnlyForDeploymentPostprocessing = 0;
		};
		F17545F321215F9B00FC3BFC /* Resources */ = {
			isa = PBXResourcesBuildPhase;
			buildActionMask = 2147483647;
			files = (
			);
			runOnlyForDeploymentPostprocessing = 0;
		};
/* End PBXResourcesBuildPhase section */

/* Begin PBXSourcesBuildPhase section */
		F17545E721215F9B00FC3BFC /* Sources */ = {
			isa = PBXSourcesBuildPhase;
			buildActionMask = 2147483647;
			files = (
				F17546BA21217BBC00FC3BFC /* Array+Extensions.swift in Sources */,
				F17546B721217BBC00FC3BFC /* Config.swift in Sources */,
				F17546C121217BBC00FC3BFC /* YINEstimator.swift in Sources */,
				F17546CF21217BBC00FC3BFC /* SimpleTransformer.swift in Sources */,
				F17546BB21217BBC00FC3BFC /* BarycentricEstimator.swift in Sources */,
				F17546C421217BBC00FC3BFC /* EstimationError.swift in Sources */,
				F17546BD21217BBC00FC3BFC /* JainsEstimator.swift in Sources */,
				F17546C921217BBC00FC3BFC /* SimulatorSignalTracker.swift in Sources */,
				F17546CA21217BBC00FC3BFC /* OutputSignalTracker.swift in Sources */,
				F17546C721217BBC00FC3BFC /* EstimationStrategy.swift in Sources */,
				F17546BE21217BBC00FC3BFC /* QuinnsSecondEstimator.swift in Sources */,
				F17546BF21217BBC00FC3BFC /* QuinnsFirstEstimator.swift in Sources */,
				F17546BC21217BBC00FC3BFC /* MaxValueEstimator.swift in Sources */,
				F17546CD21217BBC00FC3BFC /* YINTransformer.swift in Sources */,
				F17546C221217BBC00FC3BFC /* QuadradicEstimator.swift in Sources */,
				F17546C821217BBC00FC3BFC /* SignalTracker.swift in Sources */,
				F17546CC21217BBC00FC3BFC /* Transformer.swift in Sources */,
				F17546B921217BBC00FC3BFC /* Buffer.swift in Sources */,
				F17546CB21217BBC00FC3BFC /* InputSignalTracker.swift in Sources */,
				F17546C621217BBC00FC3BFC /* EstimationFactory.swift in Sources */,
				F17546D021217BBC00FC3BFC /* PitchEngine.swift in Sources */,
				F17546C521217BBC00FC3BFC /* Estimator.swift in Sources */,
				F17546CE21217BBC00FC3BFC /* FFTTransformer.swift in Sources */,
				F17546C321217BBC00FC3BFC /* LocationEstimator.swift in Sources */,
				F17546C021217BBC00FC3BFC /* HPSEstimator.swift in Sources */,
				F17546B821217BBC00FC3BFC /* YINUtil.swift in Sources */,
			);
			runOnlyForDeploymentPostprocessing = 0;
		};
		F17545F121215F9B00FC3BFC /* Sources */ = {
			isa = PBXSourcesBuildPhase;
			buildActionMask = 2147483647;
			files = (
				F17545FB21215F9B00FC3BFC /* BeethovenTests.swift in Sources */,
			);
			runOnlyForDeploymentPostprocessing = 0;
		};
/* End PBXSourcesBuildPhase section */

/* Begin PBXTargetDependency section */
		F17545F821215F9B00FC3BFC /* PBXTargetDependency */ = {
			isa = PBXTargetDependency;
			target = F17545EB21215F9B00FC3BFC /* Beethoven */;
			targetProxy = F17545F721215F9B00FC3BFC /* PBXContainerItemProxy */;
		};
/* End PBXTargetDependency section */

/* Begin XCBuildConfiguration section */
		F17545FE21215F9B00FC3BFC /* Debug */ = {
			isa = XCBuildConfiguration;
			buildSettings = {
				ALWAYS_SEARCH_USER_PATHS = NO;
				CLANG_ANALYZER_NONNULL = YES;
				CLANG_ANALYZER_NUMBER_OBJECT_CONVERSION = YES_AGGRESSIVE;
				CLANG_CXX_LANGUAGE_STANDARD = "gnu++14";
				CLANG_CXX_LIBRARY = "libc++";
				CLANG_ENABLE_MODULES = YES;
				CLANG_ENABLE_OBJC_ARC = YES;
				CLANG_ENABLE_OBJC_WEAK = YES;
				CLANG_WARN_BLOCK_CAPTURE_AUTORELEASING = YES;
				CLANG_WARN_BOOL_CONVERSION = YES;
				CLANG_WARN_COMMA = YES;
				CLANG_WARN_CONSTANT_CONVERSION = YES;
				CLANG_WARN_DEPRECATED_OBJC_IMPLEMENTATIONS = YES;
				CLANG_WARN_DIRECT_OBJC_ISA_USAGE = YES_ERROR;
				CLANG_WARN_DOCUMENTATION_COMMENTS = YES;
				CLANG_WARN_EMPTY_BODY = YES;
				CLANG_WARN_ENUM_CONVERSION = YES;
				CLANG_WARN_INFINITE_RECURSION = YES;
				CLANG_WARN_INT_CONVERSION = YES;
				CLANG_WARN_NON_LITERAL_NULL_CONVERSION = YES;
				CLANG_WARN_OBJC_IMPLICIT_RETAIN_SELF = YES;
				CLANG_WARN_OBJC_LITERAL_CONVERSION = YES;
				CLANG_WARN_OBJC_ROOT_CLASS = YES_ERROR;
				CLANG_WARN_RANGE_LOOP_ANALYSIS = YES;
				CLANG_WARN_STRICT_PROTOTYPES = YES;
				CLANG_WARN_SUSPICIOUS_MOVE = YES;
				CLANG_WARN_UNGUARDED_AVAILABILITY = YES_AGGRESSIVE;
				CLANG_WARN_UNREACHABLE_CODE = YES;
				CLANG_WARN__DUPLICATE_METHOD_MATCH = YES;
				CODE_SIGN_IDENTITY = "iPhone Developer";
				COPY_PHASE_STRIP = NO;
				CURRENT_PROJECT_VERSION = 1;
				DEBUG_INFORMATION_FORMAT = dwarf;
				ENABLE_STRICT_OBJC_MSGSEND = YES;
				ENABLE_TESTABILITY = YES;
				GCC_C_LANGUAGE_STANDARD = gnu11;
				GCC_DYNAMIC_NO_PIC = NO;
				GCC_NO_COMMON_BLOCKS = YES;
				GCC_OPTIMIZATION_LEVEL = 0;
				GCC_PREPROCESSOR_DEFINITIONS = (
					"DEBUG=1",
					"$(inherited)",
				);
				GCC_WARN_64_TO_32_BIT_CONVERSION = YES;
				GCC_WARN_ABOUT_RETURN_TYPE = YES_ERROR;
				GCC_WARN_UNDECLARED_SELECTOR = YES;
				GCC_WARN_UNINITIALIZED_AUTOS = YES_AGGRESSIVE;
				GCC_WARN_UNUSED_FUNCTION = YES;
				GCC_WARN_UNUSED_VARIABLE = YES;
				IPHONEOS_DEPLOYMENT_TARGET = 11.4;
				MTL_ENABLE_DEBUG_INFO = YES;
				ONLY_ACTIVE_ARCH = YES;
				SDKROOT = iphoneos;
				SWIFT_ACTIVE_COMPILATION_CONDITIONS = DEBUG;
				SWIFT_OPTIMIZATION_LEVEL = "-Onone";
				VERSIONING_SYSTEM = "apple-generic";
				VERSION_INFO_PREFIX = "";
			};
			name = Debug;
		};
		F17545FF21215F9B00FC3BFC /* Release */ = {
			isa = XCBuildConfiguration;
			buildSettings = {
				ALWAYS_SEARCH_USER_PATHS = NO;
				CLANG_ANALYZER_NONNULL = YES;
				CLANG_ANALYZER_NUMBER_OBJECT_CONVERSION = YES_AGGRESSIVE;
				CLANG_CXX_LANGUAGE_STANDARD = "gnu++14";
				CLANG_CXX_LIBRARY = "libc++";
				CLANG_ENABLE_MODULES = YES;
				CLANG_ENABLE_OBJC_ARC = YES;
				CLANG_ENABLE_OBJC_WEAK = YES;
				CLANG_WARN_BLOCK_CAPTURE_AUTORELEASING = YES;
				CLANG_WARN_BOOL_CONVERSION = YES;
				CLANG_WARN_COMMA = YES;
				CLANG_WARN_CONSTANT_CONVERSION = YES;
				CLANG_WARN_DEPRECATED_OBJC_IMPLEMENTATIONS = YES;
				CLANG_WARN_DIRECT_OBJC_ISA_USAGE = YES_ERROR;
				CLANG_WARN_DOCUMENTATION_COMMENTS = YES;
				CLANG_WARN_EMPTY_BODY = YES;
				CLANG_WARN_ENUM_CONVERSION = YES;
				CLANG_WARN_INFINITE_RECURSION = YES;
				CLANG_WARN_INT_CONVERSION = YES;
				CLANG_WARN_NON_LITERAL_NULL_CONVERSION = YES;
				CLANG_WARN_OBJC_IMPLICIT_RETAIN_SELF = YES;
				CLANG_WARN_OBJC_LITERAL_CONVERSION = YES;
				CLANG_WARN_OBJC_ROOT_CLASS = YES_ERROR;
				CLANG_WARN_RANGE_LOOP_ANALYSIS = YES;
				CLANG_WARN_STRICT_PROTOTYPES = YES;
				CLANG_WARN_SUSPICIOUS_MOVE = YES;
				CLANG_WARN_UNGUARDED_AVAILABILITY = YES_AGGRESSIVE;
				CLANG_WARN_UNREACHABLE_CODE = YES;
				CLANG_WARN__DUPLICATE_METHOD_MATCH = YES;
				CODE_SIGN_IDENTITY = "iPhone Developer";
				COPY_PHASE_STRIP = NO;
				CURRENT_PROJECT_VERSION = 1;
				DEBUG_INFORMATION_FORMAT = "dwarf-with-dsym";
				ENABLE_NS_ASSERTIONS = NO;
				ENABLE_STRICT_OBJC_MSGSEND = YES;
				GCC_C_LANGUAGE_STANDARD = gnu11;
				GCC_NO_COMMON_BLOCKS = YES;
				GCC_WARN_64_TO_32_BIT_CONVERSION = YES;
				GCC_WARN_ABOUT_RETURN_TYPE = YES_ERROR;
				GCC_WARN_UNDECLARED_SELECTOR = YES;
				GCC_WARN_UNINITIALIZED_AUTOS = YES_AGGRESSIVE;
				GCC_WARN_UNUSED_FUNCTION = YES;
				GCC_WARN_UNUSED_VARIABLE = YES;
				IPHONEOS_DEPLOYMENT_TARGET = 11.4;
				MTL_ENABLE_DEBUG_INFO = NO;
				SDKROOT = iphoneos;
				SWIFT_COMPILATION_MODE = wholemodule;
				SWIFT_OPTIMIZATION_LEVEL = "-O";
				VALIDATE_PRODUCT = YES;
				VERSIONING_SYSTEM = "apple-generic";
				VERSION_INFO_PREFIX = "";
			};
			name = Release;
		};
		F175460121215F9B00FC3BFC /* Debug */ = {
			isa = XCBuildConfiguration;
			buildSettings = {
				CODE_SIGN_IDENTITY = "";
				CODE_SIGN_STYLE = Automatic;
				DEFINES_MODULE = YES;
				DYLIB_COMPATIBILITY_VERSION = 1;
				DYLIB_CURRENT_VERSION = 1;
				DYLIB_INSTALL_NAME_BASE = "@rpath";
				INFOPLIST_FILE = Beethoven/Info.plist;
				INSTALL_PATH = "$(LOCAL_LIBRARY_DIR)/Frameworks";
				LD_RUNPATH_SEARCH_PATHS = (
					"$(inherited)",
					"@executable_path/Frameworks",
					"@loader_path/Frameworks",
				);
				MACH_O_TYPE = mh_dylib;
				PRODUCT_BUNDLE_IDENTIFIER = com.arithmetic.Beethoven;
				PRODUCT_NAME = "$(TARGET_NAME:c99extidentifier)";
				SKIP_INSTALL = YES;
				SWIFT_VERSION = 4.0;
				TARGETED_DEVICE_FAMILY = "1,2";
			};
			name = Debug;
		};
		F175460221215F9B00FC3BFC /* Release */ = {
			isa = XCBuildConfiguration;
			buildSettings = {
				CODE_SIGN_IDENTITY = "";
				CODE_SIGN_STYLE = Automatic;
				DEFINES_MODULE = YES;
				DYLIB_COMPATIBILITY_VERSION = 1;
				DYLIB_CURRENT_VERSION = 1;
				DYLIB_INSTALL_NAME_BASE = "@rpath";
				INFOPLIST_FILE = Beethoven/Info.plist;
				INSTALL_PATH = "$(LOCAL_LIBRARY_DIR)/Frameworks";
				LD_RUNPATH_SEARCH_PATHS = (
					"$(inherited)",
					"@executable_path/Frameworks",
					"@loader_path/Frameworks",
				);
				MACH_O_TYPE = mh_dylib;
				PRODUCT_BUNDLE_IDENTIFIER = com.arithmetic.Beethoven;
				PRODUCT_NAME = "$(TARGET_NAME:c99extidentifier)";
				SKIP_INSTALL = YES;
				SWIFT_VERSION = 4.0;
				TARGETED_DEVICE_FAMILY = "1,2";
			};
			name = Release;
		};
		F175460421215F9B00FC3BFC /* Debug */ = {
			isa = XCBuildConfiguration;
			buildSettings = {
				ALWAYS_EMBED_SWIFT_STANDARD_LIBRARIES = YES;
				CODE_SIGN_STYLE = Automatic;
				INFOPLIST_FILE = BeethovenTests/Info.plist;
				LD_RUNPATH_SEARCH_PATHS = (
					"$(inherited)",
					"@executable_path/Frameworks",
					"@loader_path/Frameworks",
				);
				PRODUCT_BUNDLE_IDENTIFIER = com.arithmetic.BeethovenTests;
				PRODUCT_NAME = "$(TARGET_NAME)";
				SWIFT_VERSION = 4.0;
				TARGETED_DEVICE_FAMILY = "1,2";
			};
			name = Debug;
		};
		F175460521215F9B00FC3BFC /* Release */ = {
			isa = XCBuildConfiguration;
			buildSettings = {
				ALWAYS_EMBED_SWIFT_STANDARD_LIBRARIES = YES;
				CODE_SIGN_STYLE = Automatic;
				INFOPLIST_FILE = BeethovenTests/Info.plist;
				LD_RUNPATH_SEARCH_PATHS = (
					"$(inherited)",
					"@executable_path/Frameworks",
					"@loader_path/Frameworks",
				);
				PRODUCT_BUNDLE_IDENTIFIER = com.arithmetic.BeethovenTests;
				PRODUCT_NAME = "$(TARGET_NAME)";
				SWIFT_VERSION = 4.0;
				TARGETED_DEVICE_FAMILY = "1,2";
			};
			name = Release;
		};
/* End XCBuildConfiguration section */

/* Begin XCConfigurationList section */
		F17545E621215F9B00FC3BFC /* Build configuration list for PBXProject "Beethoven" */ = {
			isa = XCConfigurationList;
			buildConfigurations = (
				F17545FE21215F9B00FC3BFC /* Debug */,
				F17545FF21215F9B00FC3BFC /* Release */,
			);
			defaultConfigurationIsVisible = 0;
			defaultConfigurationName = Release;
		};
		F175460021215F9B00FC3BFC /* Build configuration list for PBXNativeTarget "Beethoven" */ = {
			isa = XCConfigurationList;
			buildConfigurations = (
				F175460121215F9B00FC3BFC /* Debug */,
				F175460221215F9B00FC3BFC /* Release */,
			);
			defaultConfigurationIsVisible = 0;
			defaultConfigurationName = Release;
		};
		F175460321215F9B00FC3BFC /* Build configuration list for PBXNativeTarget "BeethovenTests" */ = {
			isa = XCConfigurationList;
			buildConfigurations = (
				F175460421215F9B00FC3BFC /* Debug */,
				F175460521215F9B00FC3BFC /* Release */,
			);
			defaultConfigurationIsVisible = 0;
			defaultConfigurationName = Release;
		};
/* End XCConfigurationList section */
	};
	rootObject = F17545E321215F9B00FC3BFC /* Project object */;
}
